<?xml version="1.0" encoding="utf-8"?>
<Project ToolsVersion="4.0" xmlns="http://schemas.microsoft.com/developer/msbuild/2003">
  <ItemGroup>
    <Filter Include="源文件">
      <UniqueIdentifier>{4FC737F1-C7A5-4376-A066-2A32D752A2FF}</UniqueIdentifier>
      <Extensions>cpp;c;cc;cxx;c++;cppm;ixx;def;odl;idl;hpj;bat;asm;asmx</Extensions>
    </Filter>
    <Filter Include="头文件">
      <UniqueIdentifier>{93995380-89BD-4b04-88EB-625FBE52EBFB}</UniqueIdentifier>
      <Extensions>h;hh;hpp;hxx;h++;hm;inl;inc;ipp;xsd</Extensions>
    </Filter>
    <Filter Include="资源文件">
      <UniqueIdentifier>{67DA6AB6-F800-4c08-8B7A-83BB121AAD01}</UniqueIdentifier>
      <Extensions>rc;ico;cur;bmp;dlg;rc2;rct;bin;rgs;gif;jpg;jpeg;jpe;resx;tiff;tif;png;wav;mfcribbon-ms</Extensions>
    </Filter>
    <Filter Include="Geometry">
      <UniqueIdentifier>{416a8345-8525-4c81-b529-8fcc8fe6da76}</UniqueIdentifier>
    </Filter>
    <Filter Include="View">
      <UniqueIdentifier>{8be4569c-f7bc-4022-ac68-dfc1de23e5b6}</UniqueIdentifier>
    </Filter>
    <Filter Include="OpenCL">
      <UniqueIdentifier>{543378ac-2a18-41b7-b221-274357f14971}</UniqueIdentifier>
    </Filter>
  </ItemGroup>
  <ItemGroup>
    <ClInclude Include="const.h">
      <Filter>头文件</Filter>
    </ClInclude>
    <ClInclude Include="Camera.h">
      <Filter>View</Filter>
    </ClInclude>
    <ClInclude Include="OpenCLEntity.h">
      <Filter>OpenCL</Filter>
    </ClInclude>
    <ClInclude Include="utils.h">
      <Filter>OpenCL</Filter>
    </ClInclude>
    <ClInclude Include="CollisionDetection.h">
      <Filter>头文件</Filter>
    </ClInclude>
    <ClInclude Include="Color.h">
      <Filter>Geometry</Filter>
    </ClInclude>
    <ClInclude Include="Vector3D.h">
      <Filter>Geometry</Filter>
    </ClInclude>
    <ClInclude Include="Sphere.h">
      <Filter>Geometry</Filter>
    </ClInclude>
    <ClInclude Include="Spheres.h">
      <Filter>Geometry</Filter>
    </ClInclude>
  </ItemGroup>
  <ItemGroup>
    <ClCompile Include="Camera.cpp">
      <Filter>View</Filter>
    </ClCompile>
    <ClCompile Include="OpenCLEntity.cpp">
      <Filter>OpenCL</Filter>
    </ClCompile>
    <ClCompile Include="utils.cpp">
      <Filter>OpenCL</Filter>
    </ClCompile>
    <ClCompile Include="CollisionDetection.cpp">
      <Filter>源文件</Filter>
    </ClCompile>
    <ClCompile Include="Color.cpp">
      <Filter>Geometry</Filter>
    </ClCompile>
    <ClCompile Include="Vector3D.cpp">
      <Filter>Geometry</Filter>
    </ClCompile>
    <ClCompile Include="Sphere.cpp">
      <Filter>Geometry</Filter>
    </ClCompile>
    <ClCompile Include="Spheres.cpp">
      <Filter>Geometry</Filter>
    </ClCompile>
  </ItemGroup>
  <ItemGroup>
    <None Include="Template.cl">
      <Filter>资源文件</Filter>
    </None>
  </ItemGroup>
</Project>